// !$*UTF8*$!
{
	archiveVersion = 1;
	classes = {
	};
	objectVersion = 55;
	objects = {

/* Begin PBXBuildFile section */
		EA537C3527CE2FDD00AB7E4C /* SecondViewController.swift in Sources */ = {isa = PBXBuildFile; fileRef = EA537C3427CE2FDC00AB7E4C /* SecondViewController.swift */; };
		EA5F749027C75E0C005A0EFF /* AppDelegate.swift in Sources */ = {isa = PBXBuildFile; fileRef = EA5F748F27C75E0C005A0EFF /* AppDelegate.swift */; };
		EA5F749227C75E0C005A0EFF /* SceneDelegate.swift in Sources */ = {isa = PBXBuildFile; fileRef = EA5F749127C75E0C005A0EFF /* SceneDelegate.swift */; };
		EA5F749427C75E0C005A0EFF /* ViewController.swift in Sources */ = {isa = PBXBuildFile; fileRef = EA5F749327C75E0C005A0EFF /* ViewController.swift */; };
		EA5F749727C75E0C005A0EFF /* Main.storyboard in Resources */ = {isa = PBXBuildFile; fileRef = EA5F749527C75E0C005A0EFF /* Main.storyboard */; };
		EA5F749927C75E0E005A0EFF /* Assets.xcassets in Resources */ = {isa = PBXBuildFile; fileRef = EA5F749827C75E0E005A0EFF /* Assets.xcassets */; };
		EA5F749C27C75E0E005A0EFF /* LaunchScreen.storyboard in Resources */ = {isa = PBXBuildFile; fileRef = EA5F749A27C75E0E005A0EFF /* LaunchScreen.storyboard */; };
		EA5F74A727C75E0F005A0EFF /* Calculator_AppTests.swift in Sources */ = {isa = PBXBuildFile; fileRef = EA5F74A627C75E0F005A0EFF /* Calculator_AppTests.swift */; };
		EA5F74B127C75E0F005A0EFF /* Calculator_AppUITests.swift in Sources */ = {isa = PBXBuildFile; fileRef = EA5F74B027C75E0F005A0EFF /* Calculator_AppUITests.swift */; };
		EA5F74B327C75E0F005A0EFF /* Calculator_AppUITestsLaunchTests.swift in Sources */ = {isa = PBXBuildFile; fileRef = EA5F74B227C75E0F005A0EFF /* Calculator_AppUITestsLaunchTests.swift */; };
/* End PBXBuildFile section */

/* Begin PBXContainerItemProxy section */
		EA5F74A327C75E0F005A0EFF /* PBXContainerItemProxy */ = {
			isa = PBXContainerItemProxy;
			containerPortal = EA5F748427C75E0C005A0EFF /* Project object */;
			proxyType = 1;
			remoteGlobalIDString = EA5F748B27C75E0C005A0EFF;
			remoteInfo = "Calculator App";
		};
		EA5F74AD27C75E0F005A0EFF /* PBXContainerItemProxy */ = {
			isa = PBXContainerItemProxy;
			containerPortal = EA5F748427C75E0C005A0EFF /* Project object */;
			proxyType = 1;
			remoteGlobalIDString = EA5F748B27C75E0C005A0EFF;
			remoteInfo = "Calculator App";
		};
/* End PBXContainerItemProxy section */

/* Begin PBXFileReference section */
		EA537C3427CE2FDC00AB7E4C /* SecondViewController.swift */ = {isa = PBXFileReference; lastKnownFileType = sourcecode.swift; path = SecondViewController.swift; sourceTree = "<group>"; };
		EA5F748C27C75E0C005A0EFF /* Calculator App.app */ = {isa = PBXFileReference; explicitFileType = wrapper.application; includeInIndex = 0; path = "Calculator App.app"; sourceTree = BUILT_PRODUCTS_DIR; };
		EA5F748F27C75E0C005A0EFF /* AppDelegate.swift */ = {isa = PBXFileReference; lastKnownFileType = sourcecode.swift; path = AppDelegate.swift; sourceTree = "<group>"; };
		EA5F749127C75E0C005A0EFF /* SceneDelegate.swift */ = {isa = PBXFileReference; lastKnownFileType = sourcecode.swift; path = SceneDelegate.swift; sourceTree = "<group>"; };
		EA5F749327C75E0C005A0EFF /* ViewController.swift */ = {isa = PBXFileReference; lastKnownFileType = sourcecode.swift; path = ViewController.swift; sourceTree = "<group>"; };
		EA5F749627C75E0C005A0EFF /* Base */ = {isa = PBXFileReference; lastKnownFileType = file.storyboard; name = Base; path = Base.lproj/Main.storyboard; sourceTree = "<group>"; };
		EA5F749827C75E0E005A0EFF /* Assets.xcassets */ = {isa = PBXFileReference; lastKnownFileType = folder.assetcatalog; path = Assets.xcassets; sourceTree = "<group>"; };
		EA5F749B27C75E0E005A0EFF /* Base */ = {isa = PBXFileReference; lastKnownFileType = file.storyboard; name = Base; path = Base.lproj/LaunchScreen.storyboard; sourceTree = "<group>"; };
		EA5F749D27C75E0E005A0EFF /* Info.plist */ = {isa = PBXFileReference; lastKnownFileType = text.plist.xml; path = Info.plist; sourceTree = "<group>"; };
		EA5F74A227C75E0F005A0EFF /* Calculator AppTests.xctest */ = {isa = PBXFileReference; explicitFileType = wrapper.cfbundle; includeInIndex = 0; path = "Calculator AppTests.xctest"; sourceTree = BUILT_PRODUCTS_DIR; };
		EA5F74A627C75E0F005A0EFF /* Calculator_AppTests.swift */ = {isa = PBXFileReference; lastKnownFileType = sourcecode.swift; path = Calculator_AppTests.swift; sourceTree = "<group>"; };
		EA5F74AC27C75E0F005A0EFF /* Calculator AppUITests.xctest */ = {isa = PBXFileReference; explicitFileType = wrapper.cfbundle; includeInIndex = 0; path = "Calculator AppUITests.xctest"; sourceTree = BUILT_PRODUCTS_DIR; };
		EA5F74B027C75E0F005A0EFF /* Calculator_AppUITests.swift */ = {isa = PBXFileReference; lastKnownFileType = sourcecode.swift; path = Calculator_AppUITests.swift; sourceTree = "<group>"; };
		EA5F74B227C75E0F005A0EFF /* Calculator_AppUITestsLaunchTests.swift */ = {isa = PBXFileReference; lastKnownFileType = sourcecode.swift; path = Calculator_AppUITestsLaunchTests.swift; sourceTree = "<group>"; };
/* End PBXFileReference section */

/* Begin PBXFrameworksBuildPhase section */
		EA5F748927C75E0C005A0EFF /* Frameworks */ = {
			isa = PBXFrameworksBuildPhase;
			buildActionMask = 2147483647;
			files = (
			);
			runOnlyForDeploymentPostprocessing = 0;
		};
		EA5F749F27C75E0F005A0EFF /* Frameworks */ = {
			isa = PBXFrameworksBuildPhase;
			buildActionMask = 2147483647;
			files = (
			);
			runOnlyForDeploymentPostprocessing = 0;
		};
		EA5F74A927C75E0F005A0EFF /* Frameworks */ = {
			isa = PBXFrameworksBuildPhase;
			buildActionMask = 2147483647;
			files = (
			);
			runOnlyForDeploymentPostprocessing = 0;
		};
/* End PBXFrameworksBuildPhase section */

/* Begin PBXGroup section */
		EA5F748327C75E0C005A0EFF = {
			isa = PBXGroup;
			children = (
				EA5F748E27C75E0C005A0EFF /* Calculator App */,
				EA5F74A527C75E0F005A0EFF /* Calculator AppTests */,
				EA5F74AF27C75E0F005A0EFF /* Calculator AppUITests */,
				EA5F748D27C75E0C005A0EFF /* Products */,
			);
			sourceTree = "<group>";
		};
		EA5F748D27C75E0C005A0EFF /* Products */ = {
			isa = PBXGroup;
			children = (
				EA5F748C27C75E0C005A0EFF /* Calculator App.app */,
				EA5F74A227C75E0F005A0EFF /* Calculator AppTests.xctest */,
				EA5F74AC27C75E0F005A0EFF /* Calculator AppUITests.xctest */,
			);
			name = Products;
			sourceTree = "<group>";
		};
		EA5F748E27C75E0C005A0EFF /* Calculator App */ = {
			isa = PBXGroup;
			children = (
				EA5F748F27C75E0C005A0EFF /* AppDelegate.swift */,
				EA5F749127C75E0C005A0EFF /* SceneDelegate.swift */,
				EA5F749327C75E0C005A0EFF /* ViewController.swift */,
				EA5F749527C75E0C005A0EFF /* Main.storyboard */,
				EA5F749827C75E0E005A0EFF /* Assets.xcassets */,
				EA5F749A27C75E0E005A0EFF /* LaunchScreen.storyboard */,
				EA5F749D27C75E0E005A0EFF /* Info.plist */,
				EA537C3427CE2FDC00AB7E4C /* SecondViewController.swift */,
			);
			path = "Calculator App";
			sourceTree = "<group>";
		};
		EA5F74A527C75E0F005A0EFF /* Calculator AppTests */ = {
			isa = PBXGroup;
			children = (
				EA5F74A627C75E0F005A0EFF /* Calculator_AppTests.swift */,
			);
			path = "Calculator AppTests";
			sourceTree = "<group>";
		};
		EA5F74AF27C75E0F005A0EFF /* Calculator AppUITests */ = {
			isa = PBXGroup;
			children = (
				EA5F74B027C75E0F005A0EFF /* Calculator_AppUITests.swift */,
				EA5F74B227C75E0F005A0EFF /* Calculator_AppUITestsLaunchTests.swift */,
			);
			path = "Calculator AppUITests";
			sourceTree = "<group>";
		};
/* End PBXGroup section */

/* Begin PBXNativeTarget section */
		EA5F748B27C75E0C005A0EFF /* Calculator App */ = {
			isa = PBXNativeTarget;
			buildConfigurationList = EA5F74B627C75E0F005A0EFF /* Build configuration list for PBXNativeTarget "Calculator App" */;
			buildPhases = (
				EA5F748827C75E0C005A0EFF /* Sources */,
				EA5F748927C75E0C005A0EFF /* Frameworks */,
				EA5F748A27C75E0C005A0EFF /* Resources */,
			);
			buildRules = (
			);
			dependencies = (
			);
			name = "Calculator App";
			productName = "Calculator App";
			productReference = EA5F748C27C75E0C005A0EFF /* Calculator App.app */;
			productType = "com.apple.product-type.application";
		};
		EA5F74A127C75E0F005A0EFF /* Calculator AppTests */ = {
			isa = PBXNativeTarget;
			buildConfigurationList = EA5F74B927C75E0F005A0EFF /* Build configuration list for PBXNativeTarget "Calculator AppTests" */;
			buildPhases = (
				EA5F749E27C75E0F005A0EFF /* Sources */,
				EA5F749F27C75E0F005A0EFF /* Frameworks */,
				EA5F74A027C75E0F005A0EFF /* Resources */,
			);
			buildRules = (
			);
			dependencies = (
				EA5F74A427C75E0F005A0EFF /* PBXTargetDependency */,
			);
			name = "Calculator AppTests";
			productName = "Calculator AppTests";
			productReference = EA5F74A227C75E0F005A0EFF /* Calculator AppTests.xctest */;
			productType = "com.apple.product-type.bundle.unit-test";
		};
		EA5F74AB27C75E0F005A0EFF /* Calculator AppUITests */ = {
			isa = PBXNativeTarget;
			buildConfigurationList = EA5F74BC27C75E0F005A0EFF /* Build configuration list for PBXNativeTarget "Calculator AppUITests" */;
			buildPhases = (
				EA5F74A827C75E0F005A0EFF /* Sources */,
				EA5F74A927C75E0F005A0EFF /* Frameworks */,
				EA5F74AA27C75E0F005A0EFF /* Resources */,
			);
			buildRules = (
			);
			dependencies = (
				EA5F74AE27C75E0F005A0EFF /* PBXTargetDependency */,
			);
			name = "Calculator AppUITests";
			productName = "Calculator AppUITests";
			productReference = EA5F74AC27C75E0F005A0EFF /* Calculator AppUITests.xctest */;
			productType = "com.apple.product-type.bundle.ui-testing";
		};
/* End PBXNativeTarget section */

/* Begin PBXProject section */
		EA5F748427C75E0C005A0EFF /* Project object */ = {
			isa = PBXProject;
			attributes = {
				BuildIndependentTargetsInParallel = 1;
				LastSwiftUpdateCheck = 1320;
				LastUpgradeCheck = 1320;
				TargetAttributes = {
					EA5F748B27C75E0C005A0EFF = {
						CreatedOnToolsVersion = 13.2.1;
					};
					EA5F74A127C75E0F005A0EFF = {
						CreatedOnToolsVersion = 13.2.1;
						TestTargetID = EA5F748B27C75E0C005A0EFF;
					};
					EA5F74AB27C75E0F005A0EFF = {
						CreatedOnToolsVersion = 13.2.1;
						TestTargetID = EA5F748B27C75E0C005A0EFF;
					};
				};
			};
			buildConfigurationList = EA5F748727C75E0C005A0EFF /* Build configuration list for PBXProject "Calculator App" */;
			compatibilityVersion = "Xcode 13.0";
			developmentRegion = en;
			hasScannedForEncodings = 0;
			knownRegions = (
				en,
				Base,
			);
			mainGroup = EA5F748327C75E0C005A0EFF;
			productRefGroup = EA5F748D27C75E0C005A0EFF /* Products */;
			projectDirPath = "";
			projectRoot = "";
			targets = (
				EA5F748B27C75E0C005A0EFF /* Calculator App */,
				EA5F74A127C75E0F005A0EFF /* Calculator AppTests */,
				EA5F74AB27C75E0F005A0EFF /* Calculator AppUITests */,
			);
		};
/* End PBXProject section */

/* Begin PBXResourcesBuildPhase section */
		EA5F748A27C75E0C005A0EFF /* Resources */ = {
			isa = PBXResourcesBuildPhase;
			buildActionMask = 2147483647;
			files = (
				EA5F749C27C75E0E005A0EFF /* LaunchScreen.storyboard in Resources */,
				EA5F749927C75E0E005A0EFF /* Assets.xcassets in Resources */,
				EA5F749727C75E0C005A0EFF /* Main.storyboard in Resources */,
			);
			runOnlyForDeploymentPostprocessing = 0;
		};
		EA5F74A027C75E0F005A0EFF /* Resources */ = {
			isa = PBXResourcesBuildPhase;
			buildActionMask = 2147483647;
			files = (
			);
			runOnlyForDeploymentPostprocessing = 0;
		};
		EA5F74AA27C75E0F005A0EFF /* Resources */ = {
			isa = PBXResourcesBuildPhase;
			buildActionMask = 2147483647;
			files = (
			);
			runOnlyForDeploymentPostprocessing = 0;
		};
/* End PBXResourcesBuildPhase section */

/* Begin PBXSourcesBuildPhase section */
		EA5F748827C75E0C005A0EFF /* Sources */ = {
			isa = PBXSourcesBuildPhase;
			buildActionMask = 2147483647;
			files = (
				EA537C3527CE2FDD00AB7E4C /* SecondViewController.swift in Sources */,
				EA5F749427C75E0C005A0EFF /* ViewController.swift in Sources */,
				EA5F749027C75E0C005A0EFF /* AppDelegate.swift in Sources */,
				EA5F749227C75E0C005A0EFF /* SceneDelegate.swift in Sources */,
			);
			runOnlyForDeploymentPostprocessing = 0;
		};
		EA5F749E27C75E0F005A0EFF /* Sources */ = {
			isa = PBXSourcesBuildPhase;
			buildActionMask = 2147483647;
			files = (
				EA5F74A727C75E0F005A0EFF /* Calculator_AppTests.swift in Sources */,
			);
			runOnlyForDeploymentPostprocessing = 0;
		};
		EA5F74A827C75E0F005A0EFF /* Sources */ = {
			isa = PBXSourcesBuildPhase;
			buildActionMask = 2147483647;
			files = (
				EA5F74B327C75E0F005A0EFF /* Calculator_AppUITestsLaunchTests.swift in Sources */,
				EA5F74B127C75E0F005A0EFF /* Calculator_AppUITests.swift in Sources */,
			);
			runOnlyForDeploymentPostprocessing = 0;
		};
/* End PBXSourcesBuildPhase section */

/* Begin PBXTargetDependency section */
		EA5F74A427C75E0F005A0EFF /* PBXTargetDependency */ = {
			isa = PBXTargetDependency;
			target = EA5F748B27C75E0C005A0EFF /* Calculator App */;
			targetProxy = EA5F74A327C75E0F005A0EFF /* PBXContainerItemProxy */;
		};
		EA5F74AE27C75E0F005A0EFF /* PBXTargetDependency */ = {
			isa = PBXTargetDependency;
			target = EA5F748B27C75E0C005A0EFF /* Calculator App */;
			targetProxy = EA5F74AD27C75E0F005A0EFF /* PBXContainerItemProxy */;
		};
/* End PBXTargetDependency section */

/* Begin PBXVariantGroup section */
		EA5F749527C75E0C005A0EFF /* Main.storyboard */ = {
			isa = PBXVariantGroup;
			children = (
				EA5F749627C75E0C005A0EFF /* Base */,
			);
			name = Main.storyboard;
			sourceTree = "<group>";
		};
		EA5F749A27C75E0E005A0EFF /* LaunchScreen.storyboard */ = {
			isa = PBXVariantGroup;
			children = (
				EA5F749B27C75E0E005A0EFF /* Base */,
			);
			name = LaunchScreen.storyboard;
			sourceTree = "<group>";
		};
/* End PBXVariantGroup section */

/* Begin XCBuildConfiguration section */
		EA5F74B427C75E0F005A0EFF /* Debug */ = {
			isa = XCBuildConfiguration;
			buildSettings = {
				ALWAYS_SEARCH_USER_PATHS = NO;
				CLANG_ANALYZER_NONNULL = YES;
				CLANG_ANALYZER_NUMBER_OBJECT_CONVERSION = YES_AGGRESSIVE;
				CLANG_CXX_LANGUAGE_STANDARD = "gnu++17";
				CLANG_CXX_LIBRARY = "libc++";
				CLANG_ENABLE_MODULES = YES;
				CLANG_ENABLE_OBJC_ARC = YES;
				CLANG_ENABLE_OBJC_WEAK = YES;
				CLANG_WARN_BLOCK_CAPTURE_AUTORELEASING = YES;
				CLANG_WARN_BOOL_CONVERSION = YES;
				CLANG_WARN_COMMA = YES;
				CLANG_WARN_CONSTANT_CONVERSION = YES;
				CLANG_WARN_DEPRECATED_OBJC_IMPLEMENTATIONS = YES;
				CLANG_WARN_DIRECT_OBJC_ISA_USAGE = YES_ERROR;
				CLANG_WARN_DOCUMENTATION_COMMENTS = YES;
				CLANG_WARN_EMPTY_BODY = YES;
				CLANG_WARN_ENUM_CONVERSION = YES;
				CLANG_WARN_INFINITE_RECURSION = YES;
				CLANG_WARN_INT_CONVERSION = YES;
				CLANG_WARN_NON_LITERAL_NULL_CONVERSION = YES;
				CLANG_WARN_OBJC_IMPLICIT_RETAIN_SELF = YES;
				CLANG_WARN_OBJC_LITERAL_CONVERSION = YES;
				CLANG_WARN_OBJC_ROOT_CLASS = YES_ERROR;
				CLANG_WARN_QUOTED_INCLUDE_IN_FRAMEWORK_HEADER = YES;
				CLANG_WARN_RANGE_LOOP_ANALYSIS = YES;
				CLANG_WARN_STRICT_PROTOTYPES = YES;
				CLANG_WARN_SUSPICIOUS_MOVE = YES;
				CLANG_WARN_UNGUARDED_AVAILABILITY = YES_AGGRESSIVE;
				CLANG_WARN_UNREACHABLE_CODE = YES;
				CLANG_WARN__DUPLICATE_METHOD_MATCH = YES;
				COPY_PHASE_STRIP = NO;
				DEBUG_INFORMATION_FORMAT = dwarf;
				ENABLE_STRICT_OBJC_MSGSEND = YES;
				ENABLE_TESTABILITY = YES;
				GCC_C_LANGUAGE_STANDARD = gnu11;
				GCC_DYNAMIC_NO_PIC = NO;
				GCC_NO_COMMON_BLOCKS = YES;
				GCC_OPTIMIZATION_LEVEL = 0;
				GCC_PREPROCESSOR_DEFINITIONS = (
					"DEBUG=1",
					"$(inherited)",
				);
				GCC_WARN_64_TO_32_BIT_CONVERSION = YES;
				GCC_WARN_ABOUT_RETURN_TYPE = YES_ERROR;
				GCC_WARN_UNDECLARED_SELECTOR = YES;
				GCC_WARN_UNINITIALIZED_AUTOS = YES_AGGRESSIVE;
				GCC_WARN_UNUSED_FUNCTION = YES;
				GCC_WARN_UNUSED_VARIABLE = YES;
				IPHONEOS_DEPLOYMENT_TARGET = 15.2;
				MTL_ENABLE_DEBUG_INFO = INCLUDE_SOURCE;
				MTL_FAST_MATH = YES;
				ONLY_ACTIVE_ARCH = YES;
				SDKROOT = iphoneos;
				SWIFT_ACTIVE_COMPILATION_CONDITIONS = DEBUG;
				SWIFT_OPTIMIZATION_LEVEL = "-Onone";
			};
			name = Debug;
		};
		EA5F74B527C75E0F005A0EFF /* Release */ = {
			isa = XCBuildConfiguration;
			buildSettings = {
				ALWAYS_SEARCH_USER_PATHS = NO;
				CLANG_ANALYZER_NONNULL = YES;
				CLANG_ANALYZER_NUMBER_OBJECT_CONVERSION = YES_AGGRESSIVE;
				CLANG_CXX_LANGUAGE_STANDARD = "gnu++17";
				CLANG_CXX_LIBRARY = "libc++";
				CLANG_ENABLE_MODULES = YES;
				CLANG_ENABLE_OBJC_ARC = YES;
				CLANG_ENABLE_OBJC_WEAK = YES;
				CLANG_WARN_BLOCK_CAPTURE_AUTORELEASING = YES;
				CLANG_WARN_BOOL_CONVERSION = YES;
				CLANG_WARN_COMMA = YES;
				CLANG_WARN_CONSTANT_CONVERSION = YES;
				CLANG_WARN_DEPRECATED_OBJC_IMPLEMENTATIONS = YES;
				CLANG_WARN_DIRECT_OBJC_ISA_USAGE = YES_ERROR;
				CLANG_WARN_DOCUMENTATION_COMMENTS = YES;
				CLANG_WARN_EMPTY_BODY = YES;
				CLANG_WARN_ENUM_CONVERSION = YES;
				CLANG_WARN_INFINITE_RECURSION = YES;
				CLANG_WARN_INT_CONVERSION = YES;
				CLANG_WARN_NON_LITERAL_NULL_CONVERSION = YES;
				CLANG_WARN_OBJC_IMPLICIT_RETAIN_SELF = YES;
				CLANG_WARN_OBJC_LITERAL_CONVERSION = YES;
				CLANG_WARN_OBJC_ROOT_CLASS = YES_ERROR;
				CLANG_WARN_QUOTED_INCLUDE_IN_FRAMEWORK_HEADER = YES;
				CLANG_WARN_RANGE_LOOP_ANALYSIS = YES;
				CLANG_WARN_STRICT_PROTOTYPES = YES;
				CLANG_WARN_SUSPICIOUS_MOVE = YES;
				CLANG_WARN_UNGUARDED_AVAILABILITY = YES_AGGRESSIVE;
				CLANG_WARN_UNREACHABLE_CODE = YES;
				CLANG_WARN__DUPLICATE_METHOD_MATCH = YES;
				COPY_PHASE_STRIP = NO;
				DEBUG_INFORMATION_FORMAT = "dwarf-with-dsym";
				ENABLE_NS_ASSERTIONS = NO;
				ENABLE_STRICT_OBJC_MSGSEND = YES;
				GCC_C_LANGUAGE_STANDARD = gnu11;
				GCC_NO_COMMON_BLOCKS = YES;
				GCC_WARN_64_TO_32_BIT_CONVERSION = YES;
				GCC_WARN_ABOUT_RETURN_TYPE = YES_ERROR;
				GCC_WARN_UNDECLARED_SELECTOR = YES;
				GCC_WARN_UNINITIALIZED_AUTOS = YES_AGGRESSIVE;
				GCC_WARN_UNUSED_FUNCTION = YES;
				GCC_WARN_UNUSED_VARIABLE = YES;
				IPHONEOS_DEPLOYMENT_TARGET = 15.2;
				MTL_ENABLE_DEBUG_INFO = NO;
				MTL_FAST_MATH = YES;
				SDKROOT = iphoneos;
				SWIFT_COMPILATION_MODE = wholemodule;
				SWIFT_OPTIMIZATION_LEVEL = "-O";
				VALIDATE_PRODUCT = YES;
			};
			name = Release;
		};
		EA5F74B727C75E0F005A0EFF /* Debug */ = {
			isa = XCBuildConfiguration;
			buildSettings = {
				ASSETCATALOG_COMPILER_APPICON_NAME = AppIcon;
				ASSETCATALOG_COMPILER_GLOBAL_ACCENT_COLOR_NAME = AccentColor;
				CODE_SIGN_STYLE = Automatic;
				CURRENT_PROJECT_VERSION = 1;
				DEVELOPMENT_TEAM = QD47A7G6D7;
				GENERATE_INFOPLIST_FILE = YES;
				INFOPLIST_FILE = "Calculator App/Info.plist";
				INFOPLIST_KEY_UIApplicationSupportsIndirectInputEvents = YES;
				INFOPLIST_KEY_UILaunchStoryboardName = LaunchScreen;
				INFOPLIST_KEY_UIMainStoryboardFile = Main;
				INFOPLIST_KEY_UISupportedInterfaceOrientations_iPad = "UIInterfaceOrientationPortrait UIInterfaceOrientationPortraitUpsideDown UIInterfaceOrientationLandscapeLeft UIInterfaceOrientationLandscapeRight";
				INFOPLIST_KEY_UISupportedInterfaceOrientations_iPhone = "UIInterfaceOrientationPortrait UIInterfaceOrientationLandscapeLeft UIInterfaceOrientationLandscapeRight";
				LD_RUNPATH_SEARCH_PATHS = (
					"$(inherited)",
					"@executable_path/Frameworks",
				);
				MARKETING_VERSION = 1.0;
				PRODUCT_BUNDLE_IDENTIFIER = "attech.Calculator-App";
				PRODUCT_NAME = "$(TARGET_NAME)";
				SWIFT_EMIT_LOC_STRINGS = YES;
				SWIFT_VERSION = 5.0;
				TARGETED_DEVICE_FAMILY = "1,2";
			};
			name = Debug;
		};
		EA5F74B827C75E0F005A0EFF /* Release */ = {
			isa = XCBuildConfiguration;
			buildSettings = {
				ASSETCATALOG_COMPILER_APPICON_NAME = AppIcon;
				ASSETCATALOG_COMPILER_GLOBAL_ACCENT_COLOR_NAME = AccentColor;
				CODE_SIGN_STYLE = Automatic;
				CURRENT_PROJECT_VERSION = 1;
				DEVELOPMENT_TEAM = QD47A7G6D7;
				GENERATE_INFOPLIST_FILE = YES;
				INFOPLIST_FILE = "Calculator App/Info.plist";
				INFOPLIST_KEY_UIApplicationSupportsIndirectInputEvents = YES;
				INFOPLIST_KEY_UILaunchStoryboardName = LaunchScreen;
				INFOPLIST_KEY_UIMainStoryboardFile = Main;
				INFOPLIST_KEY_UISupportedInterfaceOrientations_iPad = "UIInterfaceOrientationPortrait UIInterfaceOrientationPortraitUpsideDown UIInterfaceOrientationLandscapeLeft UIInterfaceOrientationLandscapeRight";
				INFOPLIST_KEY_UISupportedInterfaceOrientations_iPhone = "UIInterfaceOrientationPortrait UIInterfaceOrientationLandscapeLeft UIInterfaceOrientationLandscapeRight";
				LD_RUNPATH_SEARCH_PATHS = (
					"$(inherited)",
					"@executable_path/Frameworks",
				);
				MARKETING_VERSION = 1.0;
				PRODUCT_BUNDLE_IDENTIFIER = "attech.Calculator-App";
				PRODUCT_NAME = "$(TARGET_NAME)";
				SWIFT_EMIT_LOC_STRINGS = YES;
				SWIFT_VERSION = 5.0;
				TARGETED_DEVICE_FAMILY = "1,2";
			};
			name = Release;
		};
		EA5F74BA27C75E0F005A0EFF /* Debug */ = {
			isa = XCBuildConfiguration;
			buildSettings = {
				ALWAYS_EMBED_SWIFT_STANDARD_LIBRARIES = YES;
				BUNDLE_LOADER = "$(TEST_HOST)";
				CODE_SIGN_STYLE = Automatic;
				CURRENT_PROJECT_VERSION = 1;
				DEVELOPMENT_TEAM = QD47A7G6D7;
				GENERATE_INFOPLIST_FILE = YES;
				IPHONEOS_DEPLOYMENT_TARGET = 15.2;
				MARKETING_VERSION = 1.0;
				PRODUCT_BUNDLE_IDENTIFIER = "attech.Calculator-AppTests";
				PRODUCT_NAME = "$(TARGET_NAME)";
				SWIFT_EMIT_LOC_STRINGS = NO;
				SWIFT_VERSION = 5.0;
				TARGETED_DEVICE_FAMILY = "1,2";
				TEST_HOST = "$(BUILT_PRODUCTS_DIR)/Calculator App.app/Calculator App";
			};
			name = Debug;
		};
		EA5F74BB27C75E0F005A0EFF /* Release */ = {
			isa = XCBuildConfiguration;
			buildSettings = {
				ALWAYS_EMBED_SWIFT_STANDARD_LIBRARIES = YES;
				BUNDLE_LOADER = "$(TEST_HOST)";
				CODE_SIGN_STYLE = Automatic;
				CURRENT_PROJECT_VERSION = 1;
				DEVELOPMENT_TEAM = QD47A7G6D7;
				GENERATE_INFOPLIST_FILE = YES;
				IPHONEOS_DEPLOYMENT_TARGET = 15.2;
				MARKETING_VERSION = 1.0;
				PRODUCT_BUNDLE_IDENTIFIER = "attech.Calculator-AppTests";
				PRODUCT_NAME = "$(TARGET_NAME)";
				SWIFT_EMIT_LOC_STRINGS = NO;
				SWIFT_VERSION = 5.0;
				TARGETED_DEVICE_FAMILY = "1,2";
				TEST_HOST = "$(BUILT_PRODUCTS_DIR)/Calculator App.app/Calculator App";
			};
			name = Release;
		};
		EA5F74BD27C75E0F005A0EFF /* Debug */ = {
			isa = XCBuildConfiguration;
			buildSettings = {
				ALWAYS_EMBED_SWIFT_STANDARD_LIBRARIES = YES;
				CODE_SIGN_STYLE = Automatic;
				CURRENT_PROJECT_VERSION = 1;
				DEVELOPMENT_TEAM = QD47A7G6D7;
				GENERATE_INFOPLIST_FILE = YES;
				MARKETING_VERSION = 1.0;
				PRODUCT_BUNDLE_IDENTIFIER = "attech.Calculator-AppUITests";
				PRODUCT_NAME = "$(TARGET_NAME)";
				SWIFT_EMIT_LOC_STRINGS = NO;
				SWIFT_VERSION = 5.0;
				TARGETED_DEVICE_FAMILY = "1,2";
				TEST_TARGET_NAME = "Calculator App";
			};
			name = Debug;
		};
		EA5F74BE27C75E0F005A0EFF /* Release */ = {
			isa = XCBuildConfiguration;
			buildSettings = {
				ALWAYS_EMBED_SWIFT_STANDARD_LIBRARIES = YES;
				CODE_SIGN_STYLE = Automatic;
				CURRENT_PROJECT_VERSION = 1;
				DEVELOPMENT_TEAM = QD47A7G6D7;
				GENERATE_INFOPLIST_FILE = YES;
				MARKETING_VERSION = 1.0;
				PRODUCT_BUNDLE_IDENTIFIER = "attech.Calculator-AppUITests";
				PRODUCT_NAME = "$(TARGET_NAME)";
				SWIFT_EMIT_LOC_STRINGS = NO;
				SWIFT_VERSION = 5.0;
				TARGETED_DEVICE_FAMILY = "1,2";
				TEST_TARGET_NAME = "Calculator App";
			};
			name = Release;
		};
/* End XCBuildConfiguration section */

/* Begin XCConfigurationList section */
		EA5F748727C75E0C005A0EFF /* Build configuration list for PBXProject "Calculator App" */ = {
			isa = XCConfigurationList;
			buildConfigurations = (
				EA5F74B427C75E0F005A0EFF /* Debug */,
				EA5F74B527C75E0F005A0EFF /* Release */,
			);
			defaultConfigurationIsVisible = 0;
			defaultConfigurationName = Release;
		};
		EA5F74B627C75E0F005A0EFF /* Build configuration list for PBXNativeTarget "Calculator App" */ = {
			isa = XCConfigurationList;
			buildConfigurations = (
				EA5F74B727C75E0F005A0EFF /* Debug */,
				EA5F74B827C75E0F005A0EFF /* Release */,
			);
			defaultConfigurationIsVisible = 0;
			defaultConfigurationName = Release;
		};
		EA5F74B927C75E0F005A0EFF /* Build configuration list for PBXNativeTarget "Calculator AppTests" */ = {
			isa = XCConfigurationList;
			buildConfigurations = (
				EA5F74BA27C75E0F005A0EFF /* Debug */,
				EA5F74BB27C75E0F005A0EFF /* Release */,
			);
			defaultConfigurationIsVisible = 0;
			defaultConfigurationName = Release;
		};
		EA5F74BC27C75E0F005A0EFF /* Build configuration list for PBXNativeTarget "Calculator AppUITests" */ = {
			isa = XCConfigurationList;
			buildConfigurations = (
				EA5F74BD27C75E0F005A0EFF /* Debug */,
				EA5F74BE27C75E0F005A0EFF /* Release */,
			);
			defaultConfigurationIsVisible = 0;
			defaultConfigurationName = Release;
		};
/* End XCConfigurationList section */
	};
	rootObject = EA5F748427C75E0C005A0EFF /* Project object */;
}
